// !$*UTF8*$!
{
	archiveVersion = 1;
	classes = {
	};
	objectVersion = 46;
	objects = {

/* Begin PBXBuildFile section */
		05A7AF5F652AE152E19E5348 /* treble_clef.png in Resources */ = {isa = PBXBuildFile; fileRef = 3C5DB85E7AE1E2193ADF4AA9 /* treble_clef.png */; };
		0908B70B8981DE703D507125 /* PlaybackMonitorView.m in Sources */ = {isa = PBXBuildFile; fileRef = E8945A467FF27DD81E7031EB /* PlaybackMonitorView.m */; };
		0A97977CF24CD0A5EC437386 /* CoreMIDI.framework in Frameworks */ = {isa = PBXBuildFile; fileRef = 34352F410E9909B394A4D151 /* CoreMIDI.framework */; };
		0AB3156D52E41F54D5F7FEA6 /* ScoreMakerDocument.m in Sources */ = {isa = PBXBuildFile; fileRef = EE619D60A8DF5B7748080F3B /* ScoreMakerDocument.m */; };
		11CFF22F8463568D9215E07B /* ScoreProjectSerializer.m in Sources */ = {isa = PBXBuildFile; fileRef = 52DB73290C650A496814781F /* ScoreProjectSerializer.m */; };
		22EDE2F9917B44E699951F8F /* MusicEngine.m in Sources */ = {isa = PBXBuildFile; fileRef = 9D864F877B13D9CC6C1DD9DA /* MusicEngine.m */; };
		2F194AF6762BBCEA92E8C20C /* EngravingLayout.m in Sources */ = {isa = PBXBuildFile; fileRef = A548380673F863C401896648 /* EngravingLayout.m */; };
		39932A69246DD64551610A5E /* bass_clef.png in Resources */ = {isa = PBXBuildFile; fileRef = 21D717EE01F69BDA33850872 /* bass_clef.png */; };
		439852AB36EBD8F4857330F1 /* CoreAudioKit.framework in Frameworks */ = {isa = PBXBuildFile; fileRef = 9A1E890FFEB039815CAA2462 /* CoreAudioKit.framework */; };
		454A7C5D28A709EC952C37CF /* ScoreProjectSerializer.m in Sources */ = {isa = PBXBuildFile; fileRef = 52DB73290C650A496814781F /* ScoreProjectSerializer.m */; };
		522D7C313B1149146563FAF0 /* NotationModel.m in Sources */ = {isa = PBXBuildFile; fileRef = 228EB9CA26A40FC44ACCC08B /* NotationModel.m */; };
		59601707345ADB17000ABE02 /* ScorefileParser.m in Sources */ = {isa = PBXBuildFile; fileRef = 4B58436FE769382EB13291B0 /* ScorefileParser.m */; };
		59738E7FEAD0A4F8C686D40A /* AudioToolbox.framework in Frameworks */ = {isa = PBXBuildFile; fileRef = 1A70C455BE2CC8ABF925B0D1 /* AudioToolbox.framework */; };
		59E9F7DC6C9AC9126236090C /* ScoreModel.m in Sources */ = {isa = PBXBuildFile; fileRef = DF222F9EF56205443F8F3CD3 /* ScoreModel.m */; };
		5BDD65C4EAB9962D8BE74742 /* CoreAudioKit.framework in Frameworks */ = {isa = PBXBuildFile; fileRef = 9A1E890FFEB039815CAA2462 /* CoreAudioKit.framework */; };
		5BEEAB2F8F16477A67C04ABD /* EngravingLayout.m in Sources */ = {isa = PBXBuildFile; fileRef = A548380673F863C401896648 /* EngravingLayout.m */; };
		64ADADE23E19E4D988C36B53 /* ScorefileCompatibilityTests.m in Sources */ = {isa = PBXBuildFile; fileRef = 3F799D722E77BFD23337E522 /* ScorefileCompatibilityTests.m */; };
		68128BB88115479B0A579083 /* ScoreMakerAppIcon.icns in Resources */ = {isa = PBXBuildFile; fileRef = 4B198025E6EAB0EE32E1F736 /* ScoreMakerAppIcon.icns */; };
		69358E356F3B53FF178686D2 /* AudioToolbox.framework in Frameworks */ = {isa = PBXBuildFile; fileRef = 1A70C455BE2CC8ABF925B0D1 /* AudioToolbox.framework */; };
		6DFE1FE77EE9FCD4F3DA5FF7 /* ScorefileParser.m in Sources */ = {isa = PBXBuildFile; fileRef = 4B58436FE769382EB13291B0 /* ScorefileParser.m */; };
		7393C416BB2AB77DE1E58500 /* AVFoundation.framework in Frameworks */ = {isa = PBXBuildFile; fileRef = 7DD120A57061B213B7B4F21E /* AVFoundation.framework */; };
		7C34AA5CDDE018F74B0CF917 /* AVFoundation.framework in Frameworks */ = {isa = PBXBuildFile; fileRef = 7DD120A57061B213B7B4F21E /* AVFoundation.framework */; };
		8195D903859651CB28EFBD91 /* ScoreMakerDocumentIcon.icns in Resources */ = {isa = PBXBuildFile; fileRef = 9FAFA7EEADE9A5E22E52156C /* ScoreMakerDocumentIcon.icns */; };
		81C3F29D1B6240A3041A6306 /* Cocoa.framework in Frameworks */ = {isa = PBXBuildFile; fileRef = 3A57A3C431DE1043036941E2 /* Cocoa.framework */; };
		94AEE05D49E4324D57D0AC03 /* MidiParser.m in Sources */ = {isa = PBXBuildFile; fileRef = DDE562585F5401517CCB0A84 /* MidiParser.m */; };
		98D89CFB61734E6E7F385CE3 /* NotationModel.m in Sources */ = {isa = PBXBuildFile; fileRef = 228EB9CA26A40FC44ACCC08B /* NotationModel.m */; };
		A183DDCE7305441A62812AA0 /* MIDIInputManager.m in Sources */ = {isa = PBXBuildFile; fileRef = 69089E29418C1A6FF51DC2A3 /* MIDIInputManager.m */; };
		A317FB36559949ADB9858901 /* ScoreModel.m in Sources */ = {isa = PBXBuildFile; fileRef = DF222F9EF56205443F8F3CD3 /* ScoreModel.m */; };
		A3984DD64903DC8A81C3DD9C /* AppKit.framework in Frameworks */ = {isa = PBXBuildFile; fileRef = 2AC8BBDE894D2B0B7DAD7C5A /* AppKit.framework */; };
		AAEC1887051B1EEA3C7A63AC /* MidiParser.m in Sources */ = {isa = PBXBuildFile; fileRef = DDE562585F5401517CCB0A84 /* MidiParser.m */; };
		AEA3BBF7691E0AAC8BE1AA80 /* main.m in Sources */ = {isa = PBXBuildFile; fileRef = FA02D0EF08EE979E674F1665 /* main.m */; };
		C312DB4F1561DB5A4D969FE3 /* ScoreMakerDocumentController.m in Sources */ = {isa = PBXBuildFile; fileRef = 60F33E3CC9C93F597A181184 /* ScoreMakerDocumentController.m */; };
		CF87E2E6757DFC9325B8AEFC /* Foundation.framework in Frameworks */ = {isa = PBXBuildFile; fileRef = 3A2C52994F3C57D20BAA3516 /* Foundation.framework */; };
		D885A64C6F806F081C9554C7 /* ScoreView.m in Sources */ = {isa = PBXBuildFile; fileRef = 2ECB7EDE238F8D6019CBD1FD /* ScoreView.m */; };
		DE955430A5974E101F2181FA /* Cocoa.framework in Frameworks */ = {isa = PBXBuildFile; fileRef = 3A57A3C431DE1043036941E2 /* Cocoa.framework */; };
		DFD0B397850EE36C68CAA603 /* RealtimeDSP.m in Sources */ = {isa = PBXBuildFile; fileRef = 0DFAD83E2EA3C8AFDB71A2FA /* RealtimeDSP.m */; };
		E2C0AD4695BCFBA1DCB91810 /* MusicXMLParser.m in Sources */ = {isa = PBXBuildFile; fileRef = 048C696D4EB536BED76873BA /* MusicXMLParser.m */; };
		E718D39DE23B3B772AB6298F /* MusicPlatformModel.m in Sources */ = {isa = PBXBuildFile; fileRef = D0014F96A62EF4E5250D5EB1 /* MusicPlatformModel.m */; };
		E776E5CF0CA55270A6CCD426 /* MusicPlatformModel.m in Sources */ = {isa = PBXBuildFile; fileRef = D0014F96A62EF4E5250D5EB1 /* MusicPlatformModel.m */; };
		E8F817C74C6B7D814C1AD262 /* AppDelegate.m in Sources */ = {isa = PBXBuildFile; fileRef = 10C8CB908D42F8BB46E15CF5 /* AppDelegate.m */; };
		EF57C518B9ABCBA0B0137B6C /* RealtimeDSP.m in Sources */ = {isa = PBXBuildFile; fileRef = 0DFAD83E2EA3C8AFDB71A2FA /* RealtimeDSP.m */; };
		F8BC42D5B75E843A2B7E8BAC /* MusicXMLParser.m in Sources */ = {isa = PBXBuildFile; fileRef = 048C696D4EB536BED76873BA /* MusicXMLParser.m */; };
		FEC4E47B0D199413D3272AE4 /* MusicEngine.m in Sources */ = {isa = PBXBuildFile; fileRef = 9D864F877B13D9CC6C1DD9DA /* MusicEngine.m */; };
/* End PBXBuildFile section */

/* Begin PBXFileReference section */
		048C696D4EB536BED76873BA /* MusicXMLParser.m */ = {isa = PBXFileReference; includeInIndex = 1; lastKnownFileType = sourcecode.c.objc; path = MusicXMLParser.m; sourceTree = "<group>"; };
		049616C2473316E9C4F79AF1 /* ScoreProjectSerializer.h */ = {isa = PBXFileReference; includeInIndex = 1; lastKnownFileType = sourcecode.c.h; path = ScoreProjectSerializer.h; sourceTree = "<group>"; };
		07AD1CD140C10A92F3027804 /* ScoreMakerDocument.h */ = {isa = PBXFileReference; includeInIndex = 1; lastKnownFileType = sourcecode.c.h; path = ScoreMakerDocument.h; sourceTree = "<group>"; };
		090925949F90EC81C39602FD /* ScoreMaker.app */ = {isa = PBXFileReference; explicitFileType = wrapper.application; includeInIndex = 0; path = ScoreMaker.app; sourceTree = BUILT_PRODUCTS_DIR; };
		0DFAD83E2EA3C8AFDB71A2FA /* RealtimeDSP.m */ = {isa = PBXFileReference; includeInIndex = 1; lastKnownFileType = sourcecode.c.objc; path = RealtimeDSP.m; sourceTree = "<group>"; };
		10C8CB908D42F8BB46E15CF5 /* AppDelegate.m */ = {isa = PBXFileReference; includeInIndex = 1; lastKnownFileType = sourcecode.c.objc; path = AppDelegate.m; sourceTree = "<group>"; };
		1138781B6C6C9E02FE625998 /* MidiParser.h */ = {isa = PBXFileReference; includeInIndex = 1; lastKnownFileType = sourcecode.c.h; path = MidiParser.h; sourceTree = "<group>"; };
		1741B97299568ADCA0EE3D99 /* EngravingLayout.h */ = {isa = PBXFileReference; includeInIndex = 1; lastKnownFileType = sourcecode.c.h; path = EngravingLayout.h; sourceTree = "<group>"; };
		1A70C455BE2CC8ABF925B0D1 /* AudioToolbox.framework */ = {isa = PBXFileReference; lastKnownFileType = wrapper.framework; name = AudioToolbox.framework; path = Platforms/MacOSX.platform/Developer/SDKs/MacOSX15.0.sdk/System/Library/Frameworks/AudioToolbox.framework; sourceTree = DEVELOPER_DIR; };
		21D717EE01F69BDA33850872 /* bass_clef.png */ = {isa = PBXFileReference; includeInIndex = 1; lastKnownFileType = image.png; path = bass_clef.png; sourceTree = "<group>"; };
		228EB9CA26A40FC44ACCC08B /* NotationModel.m */ = {isa = PBXFileReference; includeInIndex = 1; lastKnownFileType = sourcecode.c.objc; path = NotationModel.m; sourceTree = "<group>"; };
		2AC8BBDE894D2B0B7DAD7C5A /* AppKit.framework */ = {isa = PBXFileReference; lastKnownFileType = wrapper.framework; name = AppKit.framework; path = Platforms/MacOSX.platform/Developer/SDKs/MacOSX15.0.sdk/System/Library/Frameworks/AppKit.framework; sourceTree = DEVELOPER_DIR; };
		2D3828296C287C2C2B61E20B /* RealtimeDSP.h */ = {isa = PBXFileReference; includeInIndex = 1; lastKnownFileType = sourcecode.c.h; path = RealtimeDSP.h; sourceTree = "<group>"; };
		2ECB7EDE238F8D6019CBD1FD /* ScoreView.m */ = {isa = PBXFileReference; includeInIndex = 1; lastKnownFileType = sourcecode.c.objc; path = ScoreView.m; sourceTree = "<group>"; };
		34352F410E9909B394A4D151 /* CoreMIDI.framework */ = {isa = PBXFileReference; lastKnownFileType = wrapper.framework; name = CoreMIDI.framework; path = Platforms/MacOSX.platform/Developer/SDKs/MacOSX15.0.sdk/System/Library/Frameworks/CoreMIDI.framework; sourceTree = DEVELOPER_DIR; };
		3A2C52994F3C57D20BAA3516 /* Foundation.framework */ = {isa = PBXFileReference; lastKnownFileType = wrapper.framework; name = Foundation.framework; path = Platforms/MacOSX.platform/Developer/SDKs/MacOSX15.0.sdk/System/Library/Frameworks/Foundation.framework; sourceTree = DEVELOPER_DIR; };
		3A57A3C431DE1043036941E2 /* Cocoa.framework */ = {isa = PBXFileReference; lastKnownFileType = wrapper.framework; name = Cocoa.framework; path = Platforms/MacOSX.platform/Developer/SDKs/MacOSX15.0.sdk/System/Library/Frameworks/Cocoa.framework; sourceTree = DEVELOPER_DIR; };
		3C5DB85E7AE1E2193ADF4AA9 /* treble_clef.png */ = {isa = PBXFileReference; includeInIndex = 1; lastKnownFileType = image.png; path = treble_clef.png; sourceTree = "<group>"; };
		3F799D722E77BFD23337E522 /* ScorefileCompatibilityTests.m */ = {isa = PBXFileReference; includeInIndex = 1; lastKnownFileType = sourcecode.c.objc; path = ScorefileCompatibilityTests.m; sourceTree = "<group>"; };
		4B198025E6EAB0EE32E1F736 /* ScoreMakerAppIcon.icns */ = {isa = PBXFileReference; includeInIndex = 1; path = ScoreMakerAppIcon.icns; sourceTree = "<group>"; };
		4B58436FE769382EB13291B0 /* ScorefileParser.m */ = {isa = PBXFileReference; includeInIndex = 1; lastKnownFileType = sourcecode.c.objc; path = ScorefileParser.m; sourceTree = "<group>"; };
		52DB73290C650A496814781F /* ScoreProjectSerializer.m */ = {isa = PBXFileReference; includeInIndex = 1; lastKnownFileType = sourcecode.c.objc; path = ScoreProjectSerializer.m; sourceTree = "<group>"; };
		60F33E3CC9C93F597A181184 /* ScoreMakerDocumentController.m */ = {isa = PBXFileReference; includeInIndex = 1; lastKnownFileType = sourcecode.c.objc; path = ScoreMakerDocumentController.m; sourceTree = "<group>"; };
		64EE2E5A9D421A02BEBEB041 /* ScorefileParser.h */ = {isa = PBXFileReference; includeInIndex = 1; lastKnownFileType = sourcecode.c.h; path = ScorefileParser.h; sourceTree = "<group>"; };
		69089E29418C1A6FF51DC2A3 /* MIDIInputManager.m */ = {isa = PBXFileReference; includeInIndex = 1; lastKnownFileType = sourcecode.c.objc; path = MIDIInputManager.m; sourceTree = "<group>"; };
		7DD120A57061B213B7B4F21E /* AVFoundation.framework */ = {isa = PBXFileReference; lastKnownFileType = wrapper.framework; name = AVFoundation.framework; path = Platforms/MacOSX.platform/Developer/SDKs/MacOSX15.0.sdk/System/Library/Frameworks/AVFoundation.framework; sourceTree = DEVELOPER_DIR; };
		7F1944300F5A514653F77934 /* ScoreMakerDocumentController.h */ = {isa = PBXFileReference; includeInIndex = 1; lastKnownFileType = sourcecode.c.h; path = ScoreMakerDocumentController.h; sourceTree = "<group>"; };
		9A1E890FFEB039815CAA2462 /* CoreAudioKit.framework */ = {isa = PBXFileReference; lastKnownFileType = wrapper.framework; name = CoreAudioKit.framework; path = Platforms/MacOSX.platform/Developer/SDKs/MacOSX15.0.sdk/System/Library/Frameworks/CoreAudioKit.framework; sourceTree = DEVELOPER_DIR; };
		9D864F877B13D9CC6C1DD9DA /* MusicEngine.m */ = {isa = PBXFileReference; includeInIndex = 1; lastKnownFileType = sourcecode.c.objc; path = MusicEngine.m; sourceTree = "<group>"; };
		9FAFA7EEADE9A5E22E52156C /* ScoreMakerDocumentIcon.icns */ = {isa = PBXFileReference; includeInIndex = 1; path = ScoreMakerDocumentIcon.icns; sourceTree = "<group>"; };
		A077B78724D974F994830883 /* Info.plist */ = {isa = PBXFileReference; includeInIndex = 1; lastKnownFileType = text.plist.xml; path = Info.plist; sourceTree = "<group>"; };
		A09370B3E6B750E142F10232 /* ScoreMaker.entitlements */ = {isa = PBXFileReference; includeInIndex = 1; lastKnownFileType = text.plist.entitlements; path = ScoreMaker.entitlements; sourceTree = "<group>"; };
		A0D87081EE4E5126CD9E8FA2 /* ScoreMakerCompatibilityTests */ = {isa = PBXFileReference; includeInIndex = 0; path = ScoreMakerCompatibilityTests; sourceTree = BUILT_PRODUCTS_DIR; };
		A548380673F863C401896648 /* EngravingLayout.m */ = {isa = PBXFileReference; includeInIndex = 1; lastKnownFileType = sourcecode.c.objc; path = EngravingLayout.m; sourceTree = "<group>"; };
		A680606306DA70974476DAEB /* MusicEngine.h */ = {isa = PBXFileReference; includeInIndex = 1; lastKnownFileType = sourcecode.c.h; path = MusicEngine.h; sourceTree = "<group>"; };
		AEEB0790F0F20EBC7E05DF69 /* AppDelegate.h */ = {isa = PBXFileReference; includeInIndex = 1; lastKnownFileType = sourcecode.c.h; path = AppDelegate.h; sourceTree = "<group>"; };
		B6D68052FA669E74926F9159 /* MusicPlatformModel.h */ = {isa = PBXFileReference; includeInIndex = 1; lastKnownFileType = sourcecode.c.h; path = MusicPlatformModel.h; sourceTree = "<group>"; };
		C5F07A36878C860BFE128DF7 /* ScoreView.h */ = {isa = PBXFileReference; includeInIndex = 1; lastKnownFileType = sourcecode.c.h; path = ScoreView.h; sourceTree = "<group>"; };
		C965DCECA43660C803595674 /* PlaybackMonitorView.h */ = {isa = PBXFileReference; includeInIndex = 1; lastKnownFileType = sourcecode.c.h; path = PlaybackMonitorView.h; sourceTree = "<group>"; };
		D0014F96A62EF4E5250D5EB1 /* MusicPlatformModel.m */ = {isa = PBXFileReference; includeInIndex = 1; lastKnownFileType = sourcecode.c.objc; path = MusicPlatformModel.m; sourceTree = "<group>"; };
		D1CBD755639E5447B50BBB8A /* MIDIInputManager.h */ = {isa = PBXFileReference; includeInIndex = 1; lastKnownFileType = sourcecode.c.h; path = MIDIInputManager.h; sourceTree = "<group>"; };
		DDE562585F5401517CCB0A84 /* MidiParser.m */ = {isa = PBXFileReference; includeInIndex = 1; lastKnownFileType = sourcecode.c.objc; path = MidiParser.m; sourceTree = "<group>"; };
		DF222F9EF56205443F8F3CD3 /* ScoreModel.m */ = {isa = PBXFileReference; includeInIndex = 1; lastKnownFileType = sourcecode.c.objc; path = ScoreModel.m; sourceTree = "<group>"; };
		DF7609C059A441F922C947EE /* NotationModel.h */ = {isa = PBXFileReference; includeInIndex = 1; lastKnownFileType = sourcecode.c.h; path = NotationModel.h; sourceTree = "<group>"; };
		E4677727BC7FE1A1F4C6F7CA /* ScoreModel.h */ = {isa = PBXFileReference; includeInIndex = 1; lastKnownFileType = sourcecode.c.h; path = ScoreModel.h; sourceTree = "<group>"; };
		E8945A467FF27DD81E7031EB /* PlaybackMonitorView.m */ = {isa = PBXFileReference; includeInIndex = 1; lastKnownFileType = sourcecode.c.objc; path = PlaybackMonitorView.m; sourceTree = "<group>"; };
		EE619D60A8DF5B7748080F3B /* ScoreMakerDocument.m */ = {isa = PBXFileReference; includeInIndex = 1; lastKnownFileType = sourcecode.c.objc; path = ScoreMakerDocument.m; sourceTree = "<group>"; };
		EFCC8D93A7CBC05A1FB33779 /* MusicXMLParser.h */ = {isa = PBXFileReference; includeInIndex = 1; lastKnownFileType = sourcecode.c.h; path = MusicXMLParser.h; sourceTree = "<group>"; };
		FA02D0EF08EE979E674F1665 /* main.m */ = {isa = PBXFileReference; includeInIndex = 1; lastKnownFileType = sourcecode.c.objc; path = main.m; sourceTree = "<group>"; };
/* End PBXFileReference section */

/* Begin PBXFrameworksBuildPhase section */
		35EB374E02F31806C2EAE3F6 /* Frameworks */ = {
			isa = PBXFrameworksBuildPhase;
			buildActionMask = 2147483647;
			files = (
				DE955430A5974E101F2181FA /* Cocoa.framework in Frameworks */,
				CF87E2E6757DFC9325B8AEFC /* Foundation.framework in Frameworks */,
				A3984DD64903DC8A81C3DD9C /* AppKit.framework in Frameworks */,
				7C34AA5CDDE018F74B0CF917 /* AVFoundation.framework in Frameworks */,
				59738E7FEAD0A4F8C686D40A /* AudioToolbox.framework in Frameworks */,
				439852AB36EBD8F4857330F1 /* CoreAudioKit.framework in Frameworks */,
			);
			runOnlyForDeploymentPostprocessing = 0;
		};
		C2D573D647C001827014EDFD /* Frameworks */ = {
			isa = PBXFrameworksBuildPhase;
			buildActionMask = 2147483647;
			files = (
				81C3F29D1B6240A3041A6306 /* Cocoa.framework in Frameworks */,
				7393C416BB2AB77DE1E58500 /* AVFoundation.framework in Frameworks */,
				69358E356F3B53FF178686D2 /* AudioToolbox.framework in Frameworks */,
				5BDD65C4EAB9962D8BE74742 /* CoreAudioKit.framework in Frameworks */,
				0A97977CF24CD0A5EC437386 /* CoreMIDI.framework in Frameworks */,
			);
			runOnlyForDeploymentPostprocessing = 0;
		};
/* End PBXFrameworksBuildPhase section */

/* Begin PBXGroup section */
		0A0F30F7E27DEB7FD5E38D38 = {
			isa = PBXGroup;
			children = (
				54CB8E28D581D35325758C47 /* Products */,
				4452DDCE63D8B1B737EAE557 /* Frameworks */,
				98C8FFB529E7D1A4A0B40E86 /* Sources */,
				6D15A50B12E7FCA043DAD0DD /* Resources */,
				160EB64745C12FBC8BB05964 /* Tests */,
				5ADE73115ACD38CAF4E0D4F6 /* Supporting Files */,
			);
			sourceTree = "<group>";
		};
		160EB64745C12FBC8BB05964 /* Tests */ = {
			isa = PBXGroup;
			children = (
				3F799D722E77BFD23337E522 /* ScorefileCompatibilityTests.m */,
			);
			name = Tests;
			path = tests;
			sourceTree = "<group>";
		};
		4452DDCE63D8B1B737EAE557 /* Frameworks */ = {
			isa = PBXGroup;
			children = (
				49B4333D3D6A3B12D9D65B16 /* OS X */,
			);
			name = Frameworks;
			sourceTree = "<group>";
		};
		49B4333D3D6A3B12D9D65B16 /* OS X */ = {
			isa = PBXGroup;
			children = (
				3A57A3C431DE1043036941E2 /* Cocoa.framework */,
				7DD120A57061B213B7B4F21E /* AVFoundation.framework */,
				1A70C455BE2CC8ABF925B0D1 /* AudioToolbox.framework */,
				9A1E890FFEB039815CAA2462 /* CoreAudioKit.framework */,
				34352F410E9909B394A4D151 /* CoreMIDI.framework */,
				3A2C52994F3C57D20BAA3516 /* Foundation.framework */,
				2AC8BBDE894D2B0B7DAD7C5A /* AppKit.framework */,
			);
			name = "OS X";
			sourceTree = "<group>";
		};
		54CB8E28D581D35325758C47 /* Products */ = {
			isa = PBXGroup;
			children = (
				090925949F90EC81C39602FD /* ScoreMaker.app */,
				A0D87081EE4E5126CD9E8FA2 /* ScoreMakerCompatibilityTests */,
			);
			name = Products;
			sourceTree = "<group>";
		};
		5ADE73115ACD38CAF4E0D4F6 /* Supporting Files */ = {
			isa = PBXGroup;
			children = (
				A077B78724D974F994830883 /* Info.plist */,
				A09370B3E6B750E142F10232 /* ScoreMaker.entitlements */,
			);
			name = "Supporting Files";
			sourceTree = "<group>";
		};
		6D15A50B12E7FCA043DAD0DD /* Resources */ = {
			isa = PBXGroup;
			children = (
				4B198025E6EAB0EE32E1F736 /* ScoreMakerAppIcon.icns */,
				9FAFA7EEADE9A5E22E52156C /* ScoreMakerDocumentIcon.icns */,
				3C5DB85E7AE1E2193ADF4AA9 /* treble_clef.png */,
				21D717EE01F69BDA33850872 /* bass_clef.png */,
			);
			name = Resources;
			path = Resources;
			sourceTree = "<group>";
		};
		98C8FFB529E7D1A4A0B40E86 /* Sources */ = {
			isa = PBXGroup;
			children = (
				AEEB0790F0F20EBC7E05DF69 /* AppDelegate.h */,
				10C8CB908D42F8BB46E15CF5 /* AppDelegate.m */,
				1741B97299568ADCA0EE3D99 /* EngravingLayout.h */,
				A548380673F863C401896648 /* EngravingLayout.m */,
				D1CBD755639E5447B50BBB8A /* MIDIInputManager.h */,
				69089E29418C1A6FF51DC2A3 /* MIDIInputManager.m */,
				1138781B6C6C9E02FE625998 /* MidiParser.h */,
				DDE562585F5401517CCB0A84 /* MidiParser.m */,
				A680606306DA70974476DAEB /* MusicEngine.h */,
				9D864F877B13D9CC6C1DD9DA /* MusicEngine.m */,
				B6D68052FA669E74926F9159 /* MusicPlatformModel.h */,
				D0014F96A62EF4E5250D5EB1 /* MusicPlatformModel.m */,
				EFCC8D93A7CBC05A1FB33779 /* MusicXMLParser.h */,
				048C696D4EB536BED76873BA /* MusicXMLParser.m */,
				DF7609C059A441F922C947EE /* NotationModel.h */,
				228EB9CA26A40FC44ACCC08B /* NotationModel.m */,
				C965DCECA43660C803595674 /* PlaybackMonitorView.h */,
				E8945A467FF27DD81E7031EB /* PlaybackMonitorView.m */,
				2D3828296C287C2C2B61E20B /* RealtimeDSP.h */,
				0DFAD83E2EA3C8AFDB71A2FA /* RealtimeDSP.m */,
				07AD1CD140C10A92F3027804 /* ScoreMakerDocument.h */,
				EE619D60A8DF5B7748080F3B /* ScoreMakerDocument.m */,
				7F1944300F5A514653F77934 /* ScoreMakerDocumentController.h */,
				60F33E3CC9C93F597A181184 /* ScoreMakerDocumentController.m */,
				E4677727BC7FE1A1F4C6F7CA /* ScoreModel.h */,
				DF222F9EF56205443F8F3CD3 /* ScoreModel.m */,
				049616C2473316E9C4F79AF1 /* ScoreProjectSerializer.h */,
				52DB73290C650A496814781F /* ScoreProjectSerializer.m */,
				C5F07A36878C860BFE128DF7 /* ScoreView.h */,
				2ECB7EDE238F8D6019CBD1FD /* ScoreView.m */,
				64EE2E5A9D421A02BEBEB041 /* ScorefileParser.h */,
				4B58436FE769382EB13291B0 /* ScorefileParser.m */,
				FA02D0EF08EE979E674F1665 /* main.m */,
			);
			name = Sources;
			path = src;
			sourceTree = "<group>";
		};
/* End PBXGroup section */

/* Begin PBXNativeTarget section */
		52FC7F0121D1900B211E5087 /* ScoreMaker */ = {
			isa = PBXNativeTarget;
			buildConfigurationList = B12947A6B5B74FC1C8347F9D /* Build configuration list for PBXNativeTarget "ScoreMaker" */;
			buildPhases = (
				853F268D9C27D5BC8945C1B4 /* Sources */,
				C2D573D647C001827014EDFD /* Frameworks */,
				18E84014B572642B4D003EBF /* Resources */,
			);
			buildRules = (
			);
			dependencies = (
			);
			name = ScoreMaker;
			productName = ScoreMaker;
			productReference = 090925949F90EC81C39602FD /* ScoreMaker.app */;
			productType = "com.apple.product-type.application";
		};
		C0A54602A598905410F218C4 /* ScoreMakerCompatibilityTests */ = {
			isa = PBXNativeTarget;
			buildConfigurationList = 39E6530DC97C10EFCB3ED7EA /* Build configuration list for PBXNativeTarget "ScoreMakerCompatibilityTests" */;
			buildPhases = (
				77225C66BF18D8EA227F57E8 /* Sources */,
				35EB374E02F31806C2EAE3F6 /* Frameworks */,
			);
			buildRules = (
			);
			dependencies = (
			);
			name = ScoreMakerCompatibilityTests;
			productName = ScoreMakerCompatibilityTests;
			productReference = A0D87081EE4E5126CD9E8FA2 /* ScoreMakerCompatibilityTests */;
			productType = "com.apple.product-type.tool";
		};
/* End PBXNativeTarget section */

/* Begin PBXProject section */
		F6A2782834B2E0A96639451D /* Project object */ = {
			isa = PBXProject;
			attributes = {
				LastSwiftUpdateCheck = 1600;
				LastUpgradeCheck = 2630;
				ORGANIZATIONNAME = "Black Lotus";
			};
			buildConfigurationList = AB3B56A480DF8C0809101203 /* Build configuration list for PBXProject "ScoreMaker" */;
			compatibilityVersion = "Xcode 3.2";
			developmentRegion = en;
			hasScannedForEncodings = 0;
			knownRegions = (
				en,
				Base,
			);
			mainGroup = 0A0F30F7E27DEB7FD5E38D38;
			minimizedProjectReferenceProxies = 0;
			preferredProjectObjectVersion = 77;
			productRefGroup = 54CB8E28D581D35325758C47 /* Products */;
			projectDirPath = "";
			projectRoot = "";
			targets = (
				52FC7F0121D1900B211E5087 /* ScoreMaker */,
				C0A54602A598905410F218C4 /* ScoreMakerCompatibilityTests */,
			);
		};
/* End PBXProject section */

/* Begin PBXResourcesBuildPhase section */
		18E84014B572642B4D003EBF /* Resources */ = {
			isa = PBXResourcesBuildPhase;
			buildActionMask = 2147483647;
			files = (
				68128BB88115479B0A579083 /* ScoreMakerAppIcon.icns in Resources */,
				8195D903859651CB28EFBD91 /* ScoreMakerDocumentIcon.icns in Resources */,
				05A7AF5F652AE152E19E5348 /* treble_clef.png in Resources */,
				39932A69246DD64551610A5E /* bass_clef.png in Resources */,
			);
			runOnlyForDeploymentPostprocessing = 0;
		};
/* End PBXResourcesBuildPhase section */

/* Begin PBXSourcesBuildPhase section */
		77225C66BF18D8EA227F57E8 /* Sources */ = {
			isa = PBXSourcesBuildPhase;
			buildActionMask = 2147483647;
			files = (
				64ADADE23E19E4D988C36B53 /* ScorefileCompatibilityTests.m in Sources */,
				DFD0B397850EE36C68CAA603 /* RealtimeDSP.m in Sources */,
				59601707345ADB17000ABE02 /* ScorefileParser.m in Sources */,
				454A7C5D28A709EC952C37CF /* ScoreProjectSerializer.m in Sources */,
				E2C0AD4695BCFBA1DCB91810 /* MusicXMLParser.m in Sources */,
				94AEE05D49E4324D57D0AC03 /* MidiParser.m in Sources */,
				A317FB36559949ADB9858901 /* ScoreModel.m in Sources */,
				E776E5CF0CA55270A6CCD426 /* MusicPlatformModel.m in Sources */,
				FEC4E47B0D199413D3272AE4 /* MusicEngine.m in Sources */,
				98D89CFB61734E6E7F385CE3 /* NotationModel.m in Sources */,
				2F194AF6762BBCEA92E8C20C /* EngravingLayout.m in Sources */,
			);
			runOnlyForDeploymentPostprocessing = 0;
		};
		853F268D9C27D5BC8945C1B4 /* Sources */ = {
			isa = PBXSourcesBuildPhase;
			buildActionMask = 2147483647;
			files = (
				E8F817C74C6B7D814C1AD262 /* AppDelegate.m in Sources */,
				5BEEAB2F8F16477A67C04ABD /* EngravingLayout.m in Sources */,
				A183DDCE7305441A62812AA0 /* MIDIInputManager.m in Sources */,
				AAEC1887051B1EEA3C7A63AC /* MidiParser.m in Sources */,
				22EDE2F9917B44E699951F8F /* MusicEngine.m in Sources */,
				E718D39DE23B3B772AB6298F /* MusicPlatformModel.m in Sources */,
				F8BC42D5B75E843A2B7E8BAC /* MusicXMLParser.m in Sources */,
				522D7C313B1149146563FAF0 /* NotationModel.m in Sources */,
				0908B70B8981DE703D507125 /* PlaybackMonitorView.m in Sources */,
				EF57C518B9ABCBA0B0137B6C /* RealtimeDSP.m in Sources */,
				0AB3156D52E41F54D5F7FEA6 /* ScoreMakerDocument.m in Sources */,
				C312DB4F1561DB5A4D969FE3 /* ScoreMakerDocumentController.m in Sources */,
				59E9F7DC6C9AC9126236090C /* ScoreModel.m in Sources */,
				11CFF22F8463568D9215E07B /* ScoreProjectSerializer.m in Sources */,
				D885A64C6F806F081C9554C7 /* ScoreView.m in Sources */,
				6DFE1FE77EE9FCD4F3DA5FF7 /* ScorefileParser.m in Sources */,
				AEA3BBF7691E0AAC8BE1AA80 /* main.m in Sources */,
			);
			runOnlyForDeploymentPostprocessing = 0;
		};
/* End PBXSourcesBuildPhase section */

/* Begin XCBuildConfiguration section */
		237473FF25C10926FAA63DA6 /* Release */ = {
			isa = XCBuildConfiguration;
			buildSettings = {
				CLANG_ENABLE_MODULES = YES;
				CLANG_ENABLE_OBJC_ARC = NO;
				HEADER_SEARCH_PATHS = "$(SRCROOT)/src";
				MACOSX_DEPLOYMENT_TARGET = 12.0;
				PRODUCT_BUNDLE_IDENTIFIER = com.blacklotus.ScoreMaker.CompatibilityTests;
				SDKROOT = macosx;
			};
			name = Release;
		};
		70FFD357B8633063ED23085B /* Release */ = {
			isa = XCBuildConfiguration;
			buildSettings = {
				ALWAYS_SEARCH_USER_PATHS = NO;
				CLANG_ANALYZER_NONNULL = YES;
				CLANG_ANALYZER_NUMBER_OBJECT_CONVERSION = YES_AGGRESSIVE;
				CLANG_CXX_LANGUAGE_STANDARD = "gnu++14";
				CLANG_CXX_LIBRARY = "libc++";
				CLANG_ENABLE_MODULES = YES;
				CLANG_ENABLE_OBJC_ARC = YES;
				CLANG_ENABLE_OBJC_WEAK = YES;
				CLANG_WARN_BLOCK_CAPTURE_AUTORELEASING = YES;
				CLANG_WARN_BOOL_CONVERSION = YES;
				CLANG_WARN_COMMA = YES;
				CLANG_WARN_CONSTANT_CONVERSION = YES;
				CLANG_WARN_DEPRECATED_OBJC_IMPLEMENTATIONS = YES;
				CLANG_WARN_DIRECT_OBJC_ISA_USAGE = YES_ERROR;
				CLANG_WARN_DOCUMENTATION_COMMENTS = YES;
				CLANG_WARN_EMPTY_BODY = YES;
				CLANG_WARN_ENUM_CONVERSION = YES;
				CLANG_WARN_INFINITE_RECURSION = YES;
				CLANG_WARN_INT_CONVERSION = YES;
				CLANG_WARN_NON_LITERAL_NULL_CONVERSION = YES;
				CLANG_WARN_OBJC_IMPLICIT_RETAIN_SELF = YES;
				CLANG_WARN_OBJC_LITERAL_CONVERSION = YES;
				CLANG_WARN_OBJC_ROOT_CLASS = YES_ERROR;
				CLANG_WARN_QUOTED_INCLUDE_IN_FRAMEWORK_HEADER = YES;
				CLANG_WARN_RANGE_LOOP_ANALYSIS = YES;
				CLANG_WARN_STRICT_PROTOTYPES = YES;
				CLANG_WARN_SUSPICIOUS_MOVE = YES;
				CLANG_WARN_UNGUARDED_AVAILABILITY = YES_AGGRESSIVE;
				CLANG_WARN_UNREACHABLE_CODE = YES;
				CLANG_WARN__DUPLICATE_METHOD_MATCH = YES;
				COPY_PHASE_STRIP = NO;
				DEBUG_INFORMATION_FORMAT = "dwarf-with-dsym";
				ENABLE_NS_ASSERTIONS = NO;
				ENABLE_STRICT_OBJC_MSGSEND = YES;
				GCC_C_LANGUAGE_STANDARD = gnu11;
				GCC_NO_COMMON_BLOCKS = YES;
				GCC_WARN_64_TO_32_BIT_CONVERSION = YES;
				GCC_WARN_ABOUT_RETURN_TYPE = YES_ERROR;
				GCC_WARN_UNDECLARED_SELECTOR = YES;
				GCC_WARN_UNINITIALIZED_AUTOS = YES_AGGRESSIVE;
				GCC_WARN_UNUSED_FUNCTION = YES;
				GCC_WARN_UNUSED_VARIABLE = YES;
				MTL_ENABLE_DEBUG_INFO = NO;
				MTL_FAST_MATH = YES;
				PRODUCT_NAME = "$(TARGET_NAME)";
				SDKROOT = macosx;
				SWIFT_COMPILATION_MODE = wholemodule;
				SWIFT_OPTIMIZATION_LEVEL = "-O";
				SWIFT_VERSION = 5.0;
			};
			name = Release;
		};
		727D702B79208CAEEAC6621D /* Debug */ = {
			isa = XCBuildConfiguration;
			buildSettings = {
				ASSETCATALOG_COMPILER_APPICON_NAME = AppIcon;
				ASSETCATALOG_COMPILER_GLOBAL_ACCENT_COLOR_NAME = AccentColor;
				CLANG_ENABLE_MODULES = YES;
				CLANG_ENABLE_OBJC_ARC = NO;
				CLANG_ENABLE_OBJC_WEAK = YES;
				CODE_SIGN_ENTITLEMENTS = ScoreMaker.entitlements;
				CODE_SIGN_STYLE = Automatic;
				COMBINE_HIDPI_IMAGES = YES;
				ENABLE_HARDENED_RUNTIME = YES;
				GENERATE_INFOPLIST_FILE = NO;
				INFOPLIST_FILE = Info.plist;
				LD_RUNPATH_SEARCH_PATHS = "$(inherited) @executable_path/../Frameworks";
				MACOSX_DEPLOYMENT_TARGET = 12.0;
				PRODUCT_BUNDLE_IDENTIFIER = com.blacklotus.ScoreMaker;
				PRODUCT_NAME = "$(TARGET_NAME)";
				SDKROOT = macosx;
			};
			name = Debug;
		};
		784529AA4D92475463D1ABBC /* Debug */ = {
			isa = XCBuildConfiguration;
			buildSettings = {
				ALWAYS_SEARCH_USER_PATHS = NO;
				CLANG_ANALYZER_NONNULL = YES;
				CLANG_ANALYZER_NUMBER_OBJECT_CONVERSION = YES_AGGRESSIVE;
				CLANG_CXX_LANGUAGE_STANDARD = "gnu++14";
				CLANG_CXX_LIBRARY = "libc++";
				CLANG_ENABLE_MODULES = YES;
				CLANG_ENABLE_OBJC_ARC = YES;
				CLANG_ENABLE_OBJC_WEAK = YES;
				CLANG_WARN_BLOCK_CAPTURE_AUTORELEASING = YES;
				CLANG_WARN_BOOL_CONVERSION = YES;
				CLANG_WARN_COMMA = YES;
				CLANG_WARN_CONSTANT_CONVERSION = YES;
				CLANG_WARN_DEPRECATED_OBJC_IMPLEMENTATIONS = YES;
				CLANG_WARN_DIRECT_OBJC_ISA_USAGE = YES_ERROR;
				CLANG_WARN_DOCUMENTATION_COMMENTS = YES;
				CLANG_WARN_EMPTY_BODY = YES;
				CLANG_WARN_ENUM_CONVERSION = YES;
				CLANG_WARN_INFINITE_RECURSION = YES;
				CLANG_WARN_INT_CONVERSION = YES;
				CLANG_WARN_NON_LITERAL_NULL_CONVERSION = YES;
				CLANG_WARN_OBJC_IMPLICIT_RETAIN_SELF = YES;
				CLANG_WARN_OBJC_LITERAL_CONVERSION = YES;
				CLANG_WARN_OBJC_ROOT_CLASS = YES_ERROR;
				CLANG_WARN_QUOTED_INCLUDE_IN_FRAMEWORK_HEADER = YES;
				CLANG_WARN_RANGE_LOOP_ANALYSIS = YES;
				CLANG_WARN_STRICT_PROTOTYPES = YES;
				CLANG_WARN_SUSPICIOUS_MOVE = YES;
				CLANG_WARN_UNGUARDED_AVAILABILITY = YES_AGGRESSIVE;
				CLANG_WARN_UNREACHABLE_CODE = YES;
				CLANG_WARN__DUPLICATE_METHOD_MATCH = YES;
				COPY_PHASE_STRIP = NO;
				DEBUG_INFORMATION_FORMAT = dwarf;
				ENABLE_STRICT_OBJC_MSGSEND = YES;
				ENABLE_TESTABILITY = YES;
				GCC_C_LANGUAGE_STANDARD = gnu11;
				GCC_DYNAMIC_NO_PIC = NO;
				GCC_NO_COMMON_BLOCKS = YES;
				GCC_OPTIMIZATION_LEVEL = 0;
				GCC_PREPROCESSOR_DEFINITIONS = (
					"DEBUG=1",
					"$(inherited)",
				);
				GCC_WARN_64_TO_32_BIT_CONVERSION = YES;
				GCC_WARN_ABOUT_RETURN_TYPE = YES_ERROR;
				GCC_WARN_UNDECLARED_SELECTOR = YES;
				GCC_WARN_UNINITIALIZED_AUTOS = YES_AGGRESSIVE;
				GCC_WARN_UNUSED_FUNCTION = YES;
				GCC_WARN_UNUSED_VARIABLE = YES;
				MTL_ENABLE_DEBUG_INFO = INCLUDE_SOURCE;
				MTL_FAST_MATH = YES;
				ONLY_ACTIVE_ARCH = YES;
				PRODUCT_NAME = "$(TARGET_NAME)";
				SDKROOT = macosx;
				SWIFT_ACTIVE_COMPILATION_CONDITIONS = DEBUG;
				SWIFT_OPTIMIZATION_LEVEL = "-Onone";
				SWIFT_VERSION = 5.0;
			};
			name = Debug;
		};
		A1CC8A3D7E56039A54503BA1 /* Release */ = {
			isa = XCBuildConfiguration;
			buildSettings = {
				ASSETCATALOG_COMPILER_APPICON_NAME = AppIcon;
				ASSETCATALOG_COMPILER_GLOBAL_ACCENT_COLOR_NAME = AccentColor;
				CLANG_ENABLE_MODULES = YES;
				CLANG_ENABLE_OBJC_ARC = NO;
				CLANG_ENABLE_OBJC_WEAK = YES;
				CODE_SIGN_ENTITLEMENTS = ScoreMaker.entitlements;
				CODE_SIGN_STYLE = Automatic;
				COMBINE_HIDPI_IMAGES = YES;
				ENABLE_HARDENED_RUNTIME = YES;
				GENERATE_INFOPLIST_FILE = NO;
				INFOPLIST_FILE = Info.plist;
				LD_RUNPATH_SEARCH_PATHS = "$(inherited) @executable_path/../Frameworks";
				MACOSX_DEPLOYMENT_TARGET = 12.0;
				PRODUCT_BUNDLE_IDENTIFIER = com.blacklotus.ScoreMaker;
				PRODUCT_NAME = "$(TARGET_NAME)";
				SDKROOT = macosx;
			};
			name = Release;
		};
		C6CBEEF66FFAC0471FB156EF /* Debug */ = {
			isa = XCBuildConfiguration;
			buildSettings = {
				CLANG_ENABLE_MODULES = YES;
				CLANG_ENABLE_OBJC_ARC = NO;
				HEADER_SEARCH_PATHS = "$(SRCROOT)/src";
				MACOSX_DEPLOYMENT_TARGET = 12.0;
				PRODUCT_BUNDLE_IDENTIFIER = com.blacklotus.ScoreMaker.CompatibilityTests;
				SDKROOT = macosx;
			};
			name = Debug;
		};
/* End XCBuildConfiguration section */

/* Begin XCConfigurationList section */
		39E6530DC97C10EFCB3ED7EA /* Build configuration list for PBXNativeTarget "ScoreMakerCompatibilityTests" */ = {
			isa = XCConfigurationList;
			buildConfigurations = (
				237473FF25C10926FAA63DA6 /* Release */,
				C6CBEEF66FFAC0471FB156EF /* Debug */,
			);
			defaultConfigurationIsVisible = 0;
			defaultConfigurationName = Release;
		};
		AB3B56A480DF8C0809101203 /* Build configuration list for PBXProject "ScoreMaker" */ = {
			isa = XCConfigurationList;
			buildConfigurations = (
				784529AA4D92475463D1ABBC /* Debug */,
				70FFD357B8633063ED23085B /* Release */,
			);
			defaultConfigurationIsVisible = 0;
			defaultConfigurationName = Release;
		};
		B12947A6B5B74FC1C8347F9D /* Build configuration list for PBXNativeTarget "ScoreMaker" */ = {
			isa = XCConfigurationList;
			buildConfigurations = (
				A1CC8A3D7E56039A54503BA1 /* Release */,
				727D702B79208CAEEAC6621D /* Debug */,
			);
			defaultConfigurationIsVisible = 0;
			defaultConfigurationName = Release;
		};
/* End XCConfigurationList section */
	};
	rootObject = F6A2782834B2E0A96639451D /* Project object */;
}
